
Microsoft Visual Studio Solution File, Format Version 11.00
# Visual Studio 2010
Project("{8BC9CEB8-8B4A-11D0-8D11-00A0C91BC942}") = "sniffer_icmp_1201", "sniffer_icmp_1201\sniffer_icmp_1201.vcxproj", "{11A88225-93A2-4598-885C-7E4840403C9D}"
EndProject
Global
	GlobalSection(SolutionConfigurationPlatforms) = preSolution
		Debug|Win32 = Debug|Win32
		Release|Win32 = Release|Win32
	EndGlobalSection
	GlobalSection(ProjectConfigurationPlatforms) = postSolution
		{11A88225-93A2-4598-885C-7E4840403C9D}.Debug|Win32.ActiveCfg = Debug|Win32
		{11A88225-93A2-4598-885C-7E4840403C9D}.Debug|Win32.Build.0 = Debug|Win32
		{11A88225-93A2-4598-885C-7E4840403C9D}.Release|Win32.ActiveCfg = Release|Win32
		{11A88225-93A2-4598-885C-7E4840403C9D}.Release|Win32.Build.0 = Release|Win32
	EndGlobalSection
	GlobalSection(SolutionProperties) = preSolution
		HideSolutionNode = FALSE
	EndGlobalSection
EndGlobal
